
Microsoft Visual Studio Solution File, Format Version 12.00
# Visual Studio Version 16
VisualStudioVersion = 16.0.28714.193
MinimumVisualStudioVersion = 10.0.40219.1
Project("{FAE04EC0-301F-11D3-BF4B-00C04F79EFBC}") = "PHOENIX.Fakturering", "PHOENIX.Fakturering\PHOENIX.Fakturering.csproj", "{6577BCB2-FB64-4A2F-AE84-94D5A758F2EA}"
EndProject
Project("{FAE04EC0-301F-11D3-BF4B-00C04F79EFBC}") = "pxlib", "pxlib\pxlib.csproj", "{4AEA9AA7-6FBC-48F7-ADC6-9FAA9F623255}"
EndProject
Global
	GlobalSection(SolutionConfigurationPlatforms) = preSolution
		Debug|Any CPU = Debug|Any CPU
		Release|Any CPU = Release|Any CPU
	EndGlobalSection
	GlobalSection(ProjectConfigurationPlatforms) = postSolution
		{6577BCB2-FB64-4A2F-AE84-94D5A758F2EA}.Debug|Any CPU.ActiveCfg = Debug|Any CPU
		{6577BCB2-FB64-4A2F-AE84-94D5A758F2EA}.Debug|Any CPU.Build.0 = Debug|Any CPU
		{6577BCB2-FB64-4A2F-AE84-94D5A758F2EA}.Release|Any CPU.ActiveCfg = Release|Any CPU
		{6577BCB2-FB64-4A2F-AE84-94D5A758F2EA}.Release|Any CPU.Build.0 = Release|Any CPU
		{4AEA9AA7-6FBC-48F7-ADC6-9FAA9F623255}.Debug|Any CPU.ActiveCfg = Debug|Any CPU
		{4AEA9AA7-6FBC-48F7-ADC6-9FAA9F623255}.Debug|Any CPU.Build.0 = Debug|Any CPU
		{4AEA9AA7-6FBC-48F7-ADC6-9FAA9F623255}.Release|Any CPU.ActiveCfg = Release|Any CPU
		{4AEA9AA7-6FBC-48F7-ADC6-9FAA9F623255}.Release|Any CPU.Build.0 = Release|Any CPU
	EndGlobalSection
	GlobalSection(SolutionProperties) = preSolution
		HideSolutionNode = FALSE
	EndGlobalSection
	GlobalSection(ExtensibilityGlobals) = postSolution
		SolutionGuid = {770AC39C-B566-4554-A0DB-C1D3C88A996F}
	EndGlobalSection
EndGlobal
